
Microsoft Visual Studio Solution File, Format Version 12.00
# Visual Studio Version 17
VisualStudioVersion = 17.9.34701.34
MinimumVisualStudioVersion = 10.0.40219.1
Project("{FAE04EC0-301F-11D3-BF4B-00C04F79EFBC}") = "GeometryGuru", "GeometryGuru.csproj", "{9E27FD27-639A-4EE9-AAC5-8D28F5436253}"
EndProject
Global
	GlobalSection(SolutionConfigurationPlatforms) = preSolution
		Debug|Any CPU = Debug|Any CPU
		Release|Any CPU = Release|Any CPU
	EndGlobalSection
	GlobalSection(ProjectConfigurationPlatforms) = postSolution
		{9E27FD27-639A-4EE9-AAC5-8D28F5436253}.Debug|Any CPU.ActiveCfg = Debug|Any CPU
		{9E27FD27-639A-4EE9-AAC5-8D28F5436253}.Debug|Any CPU.Build.0 = Debug|Any CPU
		{9E27FD27-639A-4EE9-AAC5-8D28F5436253}.Release|Any CPU.ActiveCfg = Release|Any CPU
		{9E27FD27-639A-4EE9-AAC5-8D28F5436253}.Release|Any CPU.Build.0 = Release|Any CPU
	EndGlobalSection
	GlobalSection(SolutionProperties) = preSolution
		HideSolutionNode = FALSE
	EndGlobalSection
	GlobalSection(ExtensibilityGlobals) = postSolution
		SolutionGuid = {9AE6FF17-16FF-4CC6-A0E6-9584DE5C8A5C}
	EndGlobalSection
EndGlobal
